{
    "name": "sillytavern-state-engine-pretty-panels",
    "version": "0.1.0",
    "lockfileVersion": 3,
    "requires": true,
    "packages": {
        "": {
            "name": "sillytavern-state-engine-pretty-panels",
            "version": "0.1.0",
            "license": "SEE LICENSE IN LICENSE",
            "devDependencies": {
                "@fontsource-variable/caveat": "5.3.0",
                "@fontsource-variable/crimson-pro": "5.3.0",
                "@fontsource-variable/eb-garamond": "5.3.0",
                "@fontsource-variable/fira-code": "5.3.0",
                "@fontsource-variable/inter": "5.3.0",
                "@fontsource-variable/orbitron": "5.3.0",
                "@fontsource-variable/recursive": "5.3.0",
                "@fontsource-variable/roboto-flex": "5.3.0",
                "@fontsource-variable/saira": "5.3.0",
                "@fontsource/unifrakturmaguntia": "5.3.0"
            }
        },
        "node_modules/@fontsource-variable/caveat": {
            "version": "5.3.0",
            "resolved": "https://registry.npmjs.org/@fontsource-variable/caveat/-/caveat-5.3.0.tgz",
            "integrity": "sha512-Q3mjghoYIlXgwqBPJKZ4q6f3zu921Gq7UU76r9Z+NAmhapHfX130GIFpOCYf8vt2SIcgCi9RHDT7anfJKg/kiA==",
            "dev": true,
            "license": "OFL-1.1",
            "funding": {
                "url": "https://github.com/sponsors/ayuhito"
            }
        },
        "node_modules/@fontsource-variable/crimson-pro": {
            "version": "5.3.0",
            "resolved": "https://registry.npmjs.org/@fontsource-variable/crimson-pro/-/crimson-pro-5.3.0.tgz",
            "integrity": "sha512-CmtGOKsw1H/JcXOcncu8SWOnhWlyLaAMbCVlG9yR5kz95hrxYU3A1+0DxdRbz/MFhCJGxchgqwPxLAlL0cWvdQ==",
            "dev": true,
            "license": "OFL-1.1",
            "funding": {
                "url": "https://github.com/sponsors/ayuhito"
            }
        },
        "node_modules/@fontsource-variable/eb-garamond": {
            "version": "5.3.0",
            "resolved": "https://registry.npmjs.org/@fontsource-variable/eb-garamond/-/eb-garamond-5.3.0.tgz",
            "integrity": "sha512-656OJsA9Vv24yhqRZFEzXnzS2AYgKdEILLgHJYLzzXndgcWFKfSXFqzbRI5/6Yk1Yt7UfWrUeppE5nRQPQMwlQ==",
            "dev": true,
            "license": "OFL-1.1",
            "funding": {
                "url": "https://github.com/sponsors/ayuhito"
            }
        },
        "node_modules/@fontsource-variable/fira-code": {
            "version": "5.3.0",
            "resolved": "https://registry.npmjs.org/@fontsource-variable/fira-code/-/fira-code-5.3.0.tgz",
            "integrity": "sha512-ZhvHeknlicraKVSJBa1NrJnXDVByUkC407zwgELYfmnx3p9g8vwIPfQCxx8YD3K7dAeCdLuHJOHlpMfRsIcApQ==",
            "dev": true,
            "license": "OFL-1.1",
            "funding": {
                "url": "https://github.com/sponsors/ayuhito"
            }
        },
        "node_modules/@fontsource-variable/inter": {
            "version": "5.3.0",
            "resolved": "https://registry.npmjs.org/@fontsource-variable/inter/-/inter-5.3.0.tgz",
            "integrity": "sha512-OupL48va4JNofb97w6NYeF9S7W/kHNKM0Er8Dem5nqi4jeOLrVJDoE8tZEpnMJmtkvNbB1EIPPwHcdkF6b1oUA==",
            "dev": true,
            "license": "OFL-1.1",
            "funding": {
                "url": "https://github.com/sponsors/ayuhito"
            }
        },
        "node_modules/@fontsource-variable/orbitron": {
            "version": "5.3.0",
            "resolved": "https://registry.npmjs.org/@fontsource-variable/orbitron/-/orbitron-5.3.0.tgz",
            "integrity": "sha512-KwW0YX1DJNqF0v86W1hZonuauypCFaltGdpB6qwCeu5bUyHoFpeZ84aAjChZSRF7RWZFithg/il0nMwYxJgqDA==",
            "dev": true,
            "license": "OFL-1.1",
            "funding": {
                "url": "https://github.com/sponsors/ayuhito"
            }
        },
        "node_modules/@fontsource-variable/recursive": {
            "version": "5.3.0",
            "resolved": "https://registry.npmjs.org/@fontsource-variable/recursive/-/recursive-5.3.0.tgz",
            "integrity": "sha512-4B4/lWCVeZgdbpJdIIU1sOVO/ECjjM673ohuxvyQ6uCK41TPlGzKRNokKY84noUgGYnpwc//MW4k2KrOMY19jQ==",
            "dev": true,
            "license": "OFL-1.1",
            "funding": {
                "url": "https://github.com/sponsors/ayuhito"
            }
        },
        "node_modules/@fontsource-variable/roboto-flex": {
            "version": "5.3.0",
            "resolved": "https://registry.npmjs.org/@fontsource-variable/roboto-flex/-/roboto-flex-5.3.0.tgz",
            "integrity": "sha512-bOxckUy0qXNRjhV6e4pcHGSvptix4ZRD1uaj5Za8h+p3qrb2GL4U4TQdpVmPSy0SmqwldfD+JJqEKdF68EyiAw==",
            "dev": true,
            "license": "OFL-1.1",
            "funding": {
                "url": "https://github.com/sponsors/ayuhito"
            }
        },
        "node_modules/@fontsource-variable/saira": {
            "version": "5.3.0",
            "resolved": "https://registry.npmjs.org/@fontsource-variable/saira/-/saira-5.3.0.tgz",
            "integrity": "sha512-C1rm7n1OuEx4Se/SAB/5EeUuCviGFFnYTr5vxuQQm2YIOfgbQWx/P6qqhdXlVCBRm/1UzNWCtDK5jNbVmO6W2w==",
            "dev": true,
            "license": "OFL-1.1",
            "funding": {
                "url": "https://github.com/sponsors/ayuhito"
            }
        },
        "node_modules/@fontsource/unifrakturmaguntia": {
            "version": "5.3.0",
            "resolved": "https://registry.npmjs.org/@fontsource/unifrakturmaguntia/-/unifrakturmaguntia-5.3.0.tgz",
            "integrity": "sha512-z8NGOUeAu0T534Z8tEyuNbuUZsUiRoQKzg3gRB5sb2o2DipxEqmYQqHdlwxsbN0gpwhgcClKrCuB/AhVeY2UOQ==",
            "dev": true,
            "license": "OFL-1.1",
            "funding": {
                "url": "https://github.com/sponsors/ayuhito"
            }
        }
    }
}
